// !$*UTF8*$!
{
	archiveVersion = 1;
	classes = {
	};
	objectVersion = 46;
	objects = {

/* Begin PBXBuildFile section */
		C907CA881D96CEB700B942FA /* Info-Tests.plist in Resources */ = {isa = PBXBuildFile; fileRef = C907CA871D96CEB700B942FA /* Info-Tests.plist */; };
		C907CA921D96CFA200B942FA /* RakNetWrapper.framework in Frameworks */ = {isa = PBXBuildFile; fileRef = C99C02971D60FAE900DBA190 /* RakNetWrapper.framework */; };
		C907CA991D96D03000B942FA /* RNSocketDescriptorTests.swift in Sources */ = {isa = PBXBuildFile; fileRef = C907CA821D96CC7700B942FA /* RNSocketDescriptorTests.swift */; };
		C907CA9A1D96D3B700B942FA /* RNBitStreamTests.swift in Sources */ = {isa = PBXBuildFile; fileRef = C907CA801D96CC7700B942FA /* RNBitStreamTests.swift */; };
		C90991D31E9FB20400F09753 /* RNConstants.m in Sources */ = {isa = PBXBuildFile; fileRef = C90991D21E9FB20400F09753 /* RNConstants.m */; };
		C909F58F1DCF28C000472DDD /* RNPublicKey.h in Headers */ = {isa = PBXBuildFile; fileRef = C909F58D1DCF28C000472DDD /* RNPublicKey.h */; settings = {ATTRIBUTES = (Public, ); }; };
		C909F5901DCF28C000472DDD /* RNPublicKey.mm in Sources */ = {isa = PBXBuildFile; fileRef = C909F58E1DCF28C000472DDD /* RNPublicKey.mm */; };
		C909F5921DCF2A3000472DDD /* RNPublicKey+Internal.h in Headers */ = {isa = PBXBuildFile; fileRef = C909F5911DCF2A2300472DDD /* RNPublicKey+Internal.h */; };
		C909F5931DCF303100472DDD /* RNPeerInterfaceTests.swift in Sources */ = {isa = PBXBuildFile; fileRef = C907CA811D96CC7700B942FA /* RNPeerInterfaceTests.swift */; };
		C909F5951DCF48F100472DDD /* RNPublicKeyTests.swift in Sources */ = {isa = PBXBuildFile; fileRef = C909F5941DCF48F100472DDD /* RNPublicKeyTests.swift */; };
		C99C02A71D60FE1A00DBA190 /* RNSocketFamily.h in Headers */ = {isa = PBXBuildFile; fileRef = C9DD30FA1D40D5D6009EFDA5 /* RNSocketFamily.h */; settings = {ATTRIBUTES = (Public, ); }; };
		C99C02A81D60FE1A00DBA190 /* RNConnectionState.h in Headers */ = {isa = PBXBuildFile; fileRef = C9DD30FB1D40D5D6009EFDA5 /* RNConnectionState.h */; settings = {ATTRIBUTES = (Public, ); }; };
		C99C02A91D60FE1A00DBA190 /* RNMessageIdentifier.h in Headers */ = {isa = PBXBuildFile; fileRef = C9DD30FC1D40D5D6009EFDA5 /* RNMessageIdentifier.h */; settings = {ATTRIBUTES = (Public, ); }; };
		C99C02AA1D60FE1A00DBA190 /* RNPacketPriority.h in Headers */ = {isa = PBXBuildFile; fileRef = C9DD30FD1D40D5D6009EFDA5 /* RNPacketPriority.h */; settings = {ATTRIBUTES = (Public, ); }; };
		C99C02AB1D60FE1A00DBA190 /* RNPacketReliability.h in Headers */ = {isa = PBXBuildFile; fileRef = C9DD30FE1D40D5D6009EFDA5 /* RNPacketReliability.h */; settings = {ATTRIBUTES = (Public, ); }; };
		C99C02AD1D60FE1A00DBA190 /* RNSocketDescriptor.h in Headers */ = {isa = PBXBuildFile; fileRef = C9DD31001D40D5D6009EFDA5 /* RNSocketDescriptor.h */; settings = {ATTRIBUTES = (Public, ); }; };
		C99C02AE1D60FE1A00DBA190 /* RNSocketDescriptor+Internal.h in Headers */ = {isa = PBXBuildFile; fileRef = C9DD31011D40D5D6009EFDA5 /* RNSocketDescriptor+Internal.h */; };
		C99C02AF1D60FE1A00DBA190 /* RNSocketDescriptor.mm in Sources */ = {isa = PBXBuildFile; fileRef = C9DD31021D40D5D6009EFDA5 /* RNSocketDescriptor.mm */; };
		C99C02B01D60FE1A00DBA190 /* RNSystemAddress.h in Headers */ = {isa = PBXBuildFile; fileRef = C9DD31031D40D5D6009EFDA5 /* RNSystemAddress.h */; settings = {ATTRIBUTES = (Public, ); }; };
		C99C02B11D60FE1A00DBA190 /* RNSystemAddress+Internal.h in Headers */ = {isa = PBXBuildFile; fileRef = C9DD31041D40D5D6009EFDA5 /* RNSystemAddress+Internal.h */; };
		C99C02B21D60FE1A00DBA190 /* RNSystemAddress.mm in Sources */ = {isa = PBXBuildFile; fileRef = C9DD31051D40D5D6009EFDA5 /* RNSystemAddress.mm */; };
		C99C02B31D60FE1A00DBA190 /* RNPacket.h in Headers */ = {isa = PBXBuildFile; fileRef = C9DD31061D40D5D6009EFDA5 /* RNPacket.h */; settings = {ATTRIBUTES = (Public, ); }; };
		C99C02B41D60FE1A00DBA190 /* RNPacket+Internal.h in Headers */ = {isa = PBXBuildFile; fileRef = C9DD31071D40D5D6009EFDA5 /* RNPacket+Internal.h */; };
		C99C02B51D60FE1A00DBA190 /* RNPacket.mm in Sources */ = {isa = PBXBuildFile; fileRef = C9DD31081D40D5D6009EFDA5 /* RNPacket.mm */; };
		C99C02B61D60FE3900DBA190 /* RNPeerInterface.h in Headers */ = {isa = PBXBuildFile; fileRef = C9DD311E1D40D5E6009EFDA5 /* RNPeerInterface.h */; settings = {ATTRIBUTES = (Public, ); }; };
		C99C02B71D60FE4200DBA190 /* RNPeerInterface.mm in Sources */ = {isa = PBXBuildFile; fileRef = C9DD311F1D40D5E6009EFDA5 /* RNPeerInterface.mm */; };
		C99C02B81D60FE4700DBA190 /* RNConstants.h in Headers */ = {isa = PBXBuildFile; fileRef = C9DD30F81D40D5CE009EFDA5 /* RNConstants.h */; settings = {ATTRIBUTES = (Public, ); }; };
		C99C03C21D60FEDA00DBA190 /* RakNetWrapper.h in Headers */ = {isa = PBXBuildFile; fileRef = C99C03C11D60FEDA00DBA190 /* RakNetWrapper.h */; settings = {ATTRIBUTES = (Public, ); }; };
		C99C03E51D61040E00DBA190 /* RNBitStream.h in Headers */ = {isa = PBXBuildFile; fileRef = C9DD31181D40D5DF009EFDA5 /* RNBitStream.h */; settings = {ATTRIBUTES = (Public, ); }; };
		C99C03E61D61041200DBA190 /* RNBitStream+Internal.h in Headers */ = {isa = PBXBuildFile; fileRef = C9DD31191D40D5DF009EFDA5 /* RNBitStream+Internal.h */; };
		C99C03E71D61041600DBA190 /* RNBitStream.mm in Sources */ = {isa = PBXBuildFile; fileRef = C9DD311A1D40D5DF009EFDA5 /* RNBitStream.mm */; };
		C9F659311E9C03FB0055745E /* Foundation.framework in Frameworks */ = {isa = PBXBuildFile; fileRef = C9F659301E9C03FB0055745E /* Foundation.framework */; };
/* End PBXBuildFile section */

/* Begin PBXContainerItemProxy section */
		C907CA931D96CFA200B942FA /* PBXContainerItemProxy */ = {
			isa = PBXContainerItemProxy;
			containerPortal = C9DD2C351D40C8AC009EFDA5 /* Project object */;
			proxyType = 1;
			remoteGlobalIDString = C99C02961D60FAE900DBA190;
			remoteInfo = iOSRakNetWrapper;
		};
/* End PBXContainerItemProxy section */

/* Begin PBXFileReference section */
		C907CA801D96CC7700B942FA /* RNBitStreamTests.swift */ = {isa = PBXFileReference; lastKnownFileType = sourcecode.swift; path = RNBitStreamTests.swift; sourceTree = "<group>"; };
		C907CA811D96CC7700B942FA /* RNPeerInterfaceTests.swift */ = {isa = PBXFileReference; lastKnownFileType = sourcecode.swift; path = RNPeerInterfaceTests.swift; sourceTree = "<group>"; };
		C907CA821D96CC7700B942FA /* RNSocketDescriptorTests.swift */ = {isa = PBXFileReference; lastKnownFileType = sourcecode.swift; path = RNSocketDescriptorTests.swift; sourceTree = "<group>"; };
		C907CA831D96CC7700B942FA /* RNSystemAddressTests.swift */ = {isa = PBXFileReference; lastKnownFileType = sourcecode.swift; path = RNSystemAddressTests.swift; sourceTree = "<group>"; };
		C907CA871D96CEB700B942FA /* Info-Tests.plist */ = {isa = PBXFileReference; fileEncoding = 4; lastKnownFileType = text.plist.xml; path = "Info-Tests.plist"; sourceTree = "<group>"; };
		C907CA8D1D96CFA200B942FA /* RakNetWrapperTests.xctest */ = {isa = PBXFileReference; explicitFileType = wrapper.cfbundle; includeInIndex = 0; path = RakNetWrapperTests.xctest; sourceTree = BUILT_PRODUCTS_DIR; };
		C90991D21E9FB20400F09753 /* RNConstants.m */ = {isa = PBXFileReference; fileEncoding = 4; lastKnownFileType = sourcecode.c.objc; path = RNConstants.m; sourceTree = "<group>"; };
		C909F58D1DCF28C000472DDD /* RNPublicKey.h */ = {isa = PBXFileReference; fileEncoding = 4; lastKnownFileType = sourcecode.c.h; path = RNPublicKey.h; sourceTree = "<group>"; };
		C909F58E1DCF28C000472DDD /* RNPublicKey.mm */ = {isa = PBXFileReference; fileEncoding = 4; lastKnownFileType = sourcecode.cpp.objcpp; path = RNPublicKey.mm; sourceTree = "<group>"; };
		C909F5911DCF2A2300472DDD /* RNPublicKey+Internal.h */ = {isa = PBXFileReference; lastKnownFileType = sourcecode.c.h; path = "RNPublicKey+Internal.h"; sourceTree = "<group>"; };
		C909F5941DCF48F100472DDD /* RNPublicKeyTests.swift */ = {isa = PBXFileReference; fileEncoding = 4; lastKnownFileType = sourcecode.swift; path = RNPublicKeyTests.swift; sourceTree = "<group>"; };
		C99C02971D60FAE900DBA190 /* RakNetWrapper.framework */ = {isa = PBXFileReference; explicitFileType = wrapper.framework; includeInIndex = 0; path = RakNetWrapper.framework; sourceTree = BUILT_PRODUCTS_DIR; };
		C99C02A51D60FCED00DBA190 /* Info-Framework.plist */ = {isa = PBXFileReference; lastKnownFileType = text.plist.xml; path = "Info-Framework.plist"; sourceTree = "<group>"; };
		C99C03C11D60FEDA00DBA190 /* RakNetWrapper.h */ = {isa = PBXFileReference; fileEncoding = 4; lastKnownFileType = sourcecode.c.h; name = RakNetWrapper.h; path = ../RakNetWrapper.h; sourceTree = "<group>"; };
		C9DD30F81D40D5CE009EFDA5 /* RNConstants.h */ = {isa = PBXFileReference; fileEncoding = 4; lastKnownFileType = sourcecode.c.h; path = RNConstants.h; sourceTree = "<group>"; };
		C9DD30FA1D40D5D6009EFDA5 /* RNSocketFamily.h */ = {isa = PBXFileReference; fileEncoding = 4; lastKnownFileType = sourcecode.c.h; path = RNSocketFamily.h; sourceTree = "<group>"; };
		C9DD30FB1D40D5D6009EFDA5 /* RNConnectionState.h */ = {isa = PBXFileReference; fileEncoding = 4; lastKnownFileType = sourcecode.c.h; path = RNConnectionState.h; sourceTree = "<group>"; };
		C9DD30FC1D40D5D6009EFDA5 /* RNMessageIdentifier.h */ = {isa = PBXFileReference; fileEncoding = 4; lastKnownFileType = sourcecode.c.h; path = RNMessageIdentifier.h; sourceTree = "<group>"; };
		C9DD30FD1D40D5D6009EFDA5 /* RNPacketPriority.h */ = {isa = PBXFileReference; fileEncoding = 4; lastKnownFileType = sourcecode.c.h; path = RNPacketPriority.h; sourceTree = "<group>"; };
		C9DD30FE1D40D5D6009EFDA5 /* RNPacketReliability.h */ = {isa = PBXFileReference; fileEncoding = 4; lastKnownFileType = sourcecode.c.h; path = RNPacketReliability.h; sourceTree = "<group>"; };
		C9DD31001D40D5D6009EFDA5 /* RNSocketDescriptor.h */ = {isa = PBXFileReference; fileEncoding = 4; lastKnownFileType = sourcecode.c.h; path = RNSocketDescriptor.h; sourceTree = "<group>"; };
		C9DD31011D40D5D6009EFDA5 /* RNSocketDescriptor+Internal.h */ = {isa = PBXFileReference; fileEncoding = 4; lastKnownFileType = sourcecode.c.h; path = "RNSocketDescriptor+Internal.h"; sourceTree = "<group>"; };
		C9DD31021D40D5D6009EFDA5 /* RNSocketDescriptor.mm */ = {isa = PBXFileReference; fileEncoding = 4; lastKnownFileType = sourcecode.cpp.objcpp; path = RNSocketDescriptor.mm; sourceTree = "<group>"; };
		C9DD31031D40D5D6009EFDA5 /* RNSystemAddress.h */ = {isa = PBXFileReference; fileEncoding = 4; lastKnownFileType = sourcecode.c.h; path = RNSystemAddress.h; sourceTree = "<group>"; };
		C9DD31041D40D5D6009EFDA5 /* RNSystemAddress+Internal.h */ = {isa = PBXFileReference; fileEncoding = 4; lastKnownFileType = sourcecode.c.h; path = "RNSystemAddress+Internal.h"; sourceTree = "<group>"; };
		C9DD31051D40D5D6009EFDA5 /* RNSystemAddress.mm */ = {isa = PBXFileReference; fileEncoding = 4; lastKnownFileType = sourcecode.cpp.objcpp; path = RNSystemAddress.mm; sourceTree = "<group>"; };
		C9DD31061D40D5D6009EFDA5 /* RNPacket.h */ = {isa = PBXFileReference; fileEncoding = 4; lastKnownFileType = sourcecode.c.h; path = RNPacket.h; sourceTree = "<group>"; };
		C9DD31071D40D5D6009EFDA5 /* RNPacket+Internal.h */ = {isa = PBXFileReference; fileEncoding = 4; lastKnownFileType = sourcecode.c.h; path = "RNPacket+Internal.h"; sourceTree = "<group>"; };
		C9DD31081D40D5D6009EFDA5 /* RNPacket.mm */ = {isa = PBXFileReference; fileEncoding = 4; lastKnownFileType = sourcecode.cpp.objcpp; path = RNPacket.mm; sourceTree = "<group>"; };
		C9DD31181D40D5DF009EFDA5 /* RNBitStream.h */ = {isa = PBXFileReference; fileEncoding = 4; lastKnownFileType = sourcecode.c.h; path = RNBitStream.h; sourceTree = "<group>"; };
		C9DD31191D40D5DF009EFDA5 /* RNBitStream+Internal.h */ = {isa = PBXFileReference; fileEncoding = 4; lastKnownFileType = sourcecode.c.h; path = "RNBitStream+Internal.h"; sourceTree = "<group>"; };
		C9DD311A1D40D5DF009EFDA5 /* RNBitStream.mm */ = {isa = PBXFileReference; fileEncoding = 4; lastKnownFileType = sourcecode.cpp.objcpp; path = RNBitStream.mm; sourceTree = "<group>"; };
		C9DD311E1D40D5E6009EFDA5 /* RNPeerInterface.h */ = {isa = PBXFileReference; fileEncoding = 4; lastKnownFileType = sourcecode.c.h; path = RNPeerInterface.h; sourceTree = "<group>"; };
		C9DD311F1D40D5E6009EFDA5 /* RNPeerInterface.mm */ = {isa = PBXFileReference; fileEncoding = 4; lastKnownFileType = sourcecode.cpp.objcpp; path = RNPeerInterface.mm; sourceTree = "<group>"; };
		C9F6592A1E9BFFFD0055745E /* Project.xcconfig */ = {isa = PBXFileReference; lastKnownFileType = text.xcconfig; path = Project.xcconfig; sourceTree = "<group>"; };
		C9F6592B1E9C00200055745E /* Framework.xcconfig */ = {isa = PBXFileReference; lastKnownFileType = text.xcconfig; path = Framework.xcconfig; sourceTree = "<group>"; };
		C9F6592C1E9C01380055745E /* Debug.xcconfig */ = {isa = PBXFileReference; lastKnownFileType = text.xcconfig; path = Debug.xcconfig; sourceTree = "<group>"; };
		C9F6592D1E9C01440055745E /* Release.xcconfig */ = {isa = PBXFileReference; lastKnownFileType = text.xcconfig; path = Release.xcconfig; sourceTree = "<group>"; };
		C9F6592E1E9C014E0055745E /* Tests.xcconfig */ = {isa = PBXFileReference; lastKnownFileType = text.xcconfig; path = Tests.xcconfig; sourceTree = "<group>"; };
		C9F659301E9C03FB0055745E /* Foundation.framework */ = {isa = PBXFileReference; lastKnownFileType = wrapper.framework; name = Foundation.framework; path = System/Library/Frameworks/Foundation.framework; sourceTree = SDKROOT; };
/* End PBXFileReference section */

/* Begin PBXFrameworksBuildPhase section */
		C907CA8A1D96CFA200B942FA /* Frameworks */ = {
			isa = PBXFrameworksBuildPhase;
			buildActionMask = 2147483647;
			files = (
				C907CA921D96CFA200B942FA /* RakNetWrapper.framework in Frameworks */,
			);
			runOnlyForDeploymentPostprocessing = 0;
		};
		C99C02931D60FAE900DBA190 /* Frameworks */ = {
			isa = PBXFrameworksBuildPhase;
			buildActionMask = 2147483647;
			files = (
				C9F659311E9C03FB0055745E /* Foundation.framework in Frameworks */,
			);
			runOnlyForDeploymentPostprocessing = 0;
		};
/* End PBXFrameworksBuildPhase section */

/* Begin PBXGroup section */
		C907CA7F1D96CC7700B942FA /* Tests */ = {
			isa = PBXGroup;
			children = (
				C907CA801D96CC7700B942FA /* RNBitStreamTests.swift */,
				C907CA811D96CC7700B942FA /* RNPeerInterfaceTests.swift */,
				C907CA821D96CC7700B942FA /* RNSocketDescriptorTests.swift */,
				C907CA831D96CC7700B942FA /* RNSystemAddressTests.swift */,
				C909F5941DCF48F100472DDD /* RNPublicKeyTests.swift */,
			);
			path = Tests;
			sourceTree = "<group>";
		};
		C99C02901D60F9BB00DBA190 /* Configuration */ = {
			isa = PBXGroup;
			children = (
				C9F6592A1E9BFFFD0055745E /* Project.xcconfig */,
				C9F6592B1E9C00200055745E /* Framework.xcconfig */,
				C9F6592C1E9C01380055745E /* Debug.xcconfig */,
				C9F6592D1E9C01440055745E /* Release.xcconfig */,
				C9F6592E1E9C014E0055745E /* Tests.xcconfig */,
				C99C02A51D60FCED00DBA190 /* Info-Framework.plist */,
				C907CA871D96CEB700B942FA /* Info-Tests.plist */,
			);
			path = Configuration;
			sourceTree = "<group>";
		};
		C9DD2C341D40C8AC009EFDA5 = {
			isa = PBXGroup;
			children = (
				C99C02901D60F9BB00DBA190 /* Configuration */,
				C9DD2E9B1D40D193009EFDA5 /* Sources */,
				C907CA7F1D96CC7700B942FA /* Tests */,
				C9DD2D4B1D40CA0E009EFDA5 /* Products */,
				C9F6592F1E9C03FB0055745E /* Frameworks */,
			);
			sourceTree = "<group>";
		};
		C9DD2D4B1D40CA0E009EFDA5 /* Products */ = {
			isa = PBXGroup;
			children = (
				C99C02971D60FAE900DBA190 /* RakNetWrapper.framework */,
				C907CA8D1D96CFA200B942FA /* RakNetWrapperTests.xctest */,
			);
			name = Products;
			sourceTree = "<group>";
		};
		C9DD2E9B1D40D193009EFDA5 /* Sources */ = {
			isa = PBXGroup;
			children = (
				C9DD2EE11D40D519009EFDA5 /* Wrapper */,
				C9DD2EE21D40D51F009EFDA5 /* Vendors */,
			);
			path = Sources;
			sourceTree = "<group>";
		};
		C9DD2EE11D40D519009EFDA5 /* Wrapper */ = {
			isa = PBXGroup;
			children = (
				C9DD30F41D40D5A0009EFDA5 /* Constants */,
				C9DD30F51D40D5AA009EFDA5 /* Types */,
				C9DD30F61D40D5AF009EFDA5 /* Utils */,
				C9DD30F71D40D5B4009EFDA5 /* Network */,
				C99C03C11D60FEDA00DBA190 /* RakNetWrapper.h */,
			);
			path = Wrapper;
			sourceTree = "<group>";
		};
		C9DD2EE21D40D51F009EFDA5 /* Vendors */ = {
			isa = PBXGroup;
			children = (
			);
			path = Vendors;
			sourceTree = "<group>";
		};
		C9DD30F41D40D5A0009EFDA5 /* Constants */ = {
			isa = PBXGroup;
			children = (
				C9DD30F81D40D5CE009EFDA5 /* RNConstants.h */,
				C90991D21E9FB20400F09753 /* RNConstants.m */,
			);
			name = Constants;
			sourceTree = "<group>";
		};
		C9DD30F51D40D5AA009EFDA5 /* Types */ = {
			isa = PBXGroup;
			children = (
				C9DD30FA1D40D5D6009EFDA5 /* RNSocketFamily.h */,
				C9DD30FB1D40D5D6009EFDA5 /* RNConnectionState.h */,
				C9DD30FC1D40D5D6009EFDA5 /* RNMessageIdentifier.h */,
				C9DD30FD1D40D5D6009EFDA5 /* RNPacketPriority.h */,
				C9DD30FE1D40D5D6009EFDA5 /* RNPacketReliability.h */,
				C9DD31001D40D5D6009EFDA5 /* RNSocketDescriptor.h */,
				C9DD31011D40D5D6009EFDA5 /* RNSocketDescriptor+Internal.h */,
				C9DD31021D40D5D6009EFDA5 /* RNSocketDescriptor.mm */,
				C9DD31031D40D5D6009EFDA5 /* RNSystemAddress.h */,
				C9DD31041D40D5D6009EFDA5 /* RNSystemAddress+Internal.h */,
				C9DD31051D40D5D6009EFDA5 /* RNSystemAddress.mm */,
				C909F58D1DCF28C000472DDD /* RNPublicKey.h */,
				C909F5911DCF2A2300472DDD /* RNPublicKey+Internal.h */,
				C909F58E1DCF28C000472DDD /* RNPublicKey.mm */,
				C9DD31061D40D5D6009EFDA5 /* RNPacket.h */,
				C9DD31071D40D5D6009EFDA5 /* RNPacket+Internal.h */,
				C9DD31081D40D5D6009EFDA5 /* RNPacket.mm */,
			);
			name = Types;
			sourceTree = "<group>";
		};
		C9DD30F61D40D5AF009EFDA5 /* Utils */ = {
			isa = PBXGroup;
			children = (
				C9DD31181D40D5DF009EFDA5 /* RNBitStream.h */,
				C9DD31191D40D5DF009EFDA5 /* RNBitStream+Internal.h */,
				C9DD311A1D40D5DF009EFDA5 /* RNBitStream.mm */,
			);
			name = Utils;
			sourceTree = "<group>";
		};
		C9DD30F71D40D5B4009EFDA5 /* Network */ = {
			isa = PBXGroup;
			children = (
				C9DD311E1D40D5E6009EFDA5 /* RNPeerInterface.h */,
				C9DD311F1D40D5E6009EFDA5 /* RNPeerInterface.mm */,
			);
			name = Network;
			sourceTree = "<group>";
		};
		C9F6592F1E9C03FB0055745E /* Frameworks */ = {
			isa = PBXGroup;
			children = (
				C9F659301E9C03FB0055745E /* Foundation.framework */,
			);
			name = Frameworks;
			sourceTree = "<group>";
		};
/* End PBXGroup section */

/* Begin PBXHeadersBuildPhase section */
		C99C02941D60FAE900DBA190 /* Headers */ = {
			isa = PBXHeadersBuildPhase;
			buildActionMask = 2147483647;
			files = (
				C99C03E61D61041200DBA190 /* RNBitStream+Internal.h in Headers */,
				C99C02B81D60FE4700DBA190 /* RNConstants.h in Headers */,
				C99C02A81D60FE1A00DBA190 /* RNConnectionState.h in Headers */,
				C99C02B41D60FE1A00DBA190 /* RNPacket+Internal.h in Headers */,
				C99C03C21D60FEDA00DBA190 /* RakNetWrapper.h in Headers */,
				C99C02A91D60FE1A00DBA190 /* RNMessageIdentifier.h in Headers */,
				C99C03E51D61040E00DBA190 /* RNBitStream.h in Headers */,
				C99C02AA1D60FE1A00DBA190 /* RNPacketPriority.h in Headers */,
				C99C02AE1D60FE1A00DBA190 /* RNSocketDescriptor+Internal.h in Headers */,
				C99C02AD1D60FE1A00DBA190 /* RNSocketDescriptor.h in Headers */,
				C99C02A71D60FE1A00DBA190 /* RNSocketFamily.h in Headers */,
				C99C02B61D60FE3900DBA190 /* RNPeerInterface.h in Headers */,
				C99C02B11D60FE1A00DBA190 /* RNSystemAddress+Internal.h in Headers */,
				C99C02AB1D60FE1A00DBA190 /* RNPacketReliability.h in Headers */,
				C909F5921DCF2A3000472DDD /* RNPublicKey+Internal.h in Headers */,
				C909F58F1DCF28C000472DDD /* RNPublicKey.h in Headers */,
				C99C02B31D60FE1A00DBA190 /* RNPacket.h in Headers */,
				C99C02B01D60FE1A00DBA190 /* RNSystemAddress.h in Headers */,
			);
			runOnlyForDeploymentPostprocessing = 0;
		};
/* End PBXHeadersBuildPhase section */

/* Begin PBXNativeTarget section */
		C907CA8C1D96CFA200B942FA /* RakNetWrapperTests */ = {
			isa = PBXNativeTarget;
			buildConfigurationList = C907CA951D96CFA200B942FA /* Build configuration list for PBXNativeTarget "RakNetWrapperTests" */;
			buildPhases = (
				C907CA891D96CFA200B942FA /* Sources */,
				C907CA8A1D96CFA200B942FA /* Frameworks */,
				C907CA8B1D96CFA200B942FA /* Resources */,
			);
			buildRules = (
			);
			dependencies = (
				C907CA941D96CFA200B942FA /* PBXTargetDependency */,
			);
			name = RakNetWrapperTests;
			productName = iOSRakNetWrapperTests;
			productReference = C907CA8D1D96CFA200B942FA /* RakNetWrapperTests.xctest */;
			productType = "com.apple.product-type.bundle.unit-test";
		};
		C99C02961D60FAE900DBA190 /* RakNetWrapper */ = {
			isa = PBXNativeTarget;
			buildConfigurationList = C99C029C1D60FAE900DBA190 /* Build configuration list for PBXNativeTarget "RakNetWrapper" */;
			buildPhases = (
				C99C02921D60FAE900DBA190 /* Sources */,
				C99C02931D60FAE900DBA190 /* Frameworks */,
				C99C02941D60FAE900DBA190 /* Headers */,
				C99C02951D60FAE900DBA190 /* Resources */,
			);
			buildRules = (
			);
			dependencies = (
			);
			name = RakNetWrapper;
			productName = "RakNetWrapper-iOS";
			productReference = C99C02971D60FAE900DBA190 /* RakNetWrapper.framework */;
			productType = "com.apple.product-type.framework";
		};
/* End PBXNativeTarget section */

/* Begin PBXProject section */
		C9DD2C351D40C8AC009EFDA5 /* Project object */ = {
			isa = PBXProject;
			attributes = {
				LastSwiftUpdateCheck = 0800;
				LastUpgradeCheck = 0830;
				TargetAttributes = {
					C907CA8C1D96CFA200B942FA = {
						CreatedOnToolsVersion = 8.0;
						DevelopmentTeam = 2TWXCGG7R3;
						ProvisioningStyle = Manual;
					};
					C99C02961D60FAE900DBA190 = {
						CreatedOnToolsVersion = 7.3.1;
					};
				};
			};
			buildConfigurationList = C9DD2C381D40C8AC009EFDA5 /* Build configuration list for PBXProject "RakNetWrapper" */;
			compatibilityVersion = "Xcode 3.2";
			developmentRegion = English;
			hasScannedForEncodings = 0;
			knownRegions = (
				en,
			);
			mainGroup = C9DD2C341D40C8AC009EFDA5;
			productRefGroup = C9DD2D4B1D40CA0E009EFDA5 /* Products */;
			projectDirPath = "";
			projectRoot = "";
			targets = (
				C99C02961D60FAE900DBA190 /* RakNetWrapper */,
				C907CA8C1D96CFA200B942FA /* RakNetWrapperTests */,
			);
		};
/* End PBXProject section */

/* Begin PBXResourcesBuildPhase section */
		C907CA8B1D96CFA200B942FA /* Resources */ = {
			isa = PBXResourcesBuildPhase;
			buildActionMask = 2147483647;
			files = (
			);
			runOnlyForDeploymentPostprocessing = 0;
		};
		C99C02951D60FAE900DBA190 /* Resources */ = {
			isa = PBXResourcesBuildPhase;
			buildActionMask = 2147483647;
			files = (
				C907CA881D96CEB700B942FA /* Info-Tests.plist in Resources */,
			);
			runOnlyForDeploymentPostprocessing = 0;
		};
/* End PBXResourcesBuildPhase section */

/* Begin PBXSourcesBuildPhase section */
		C907CA891D96CFA200B942FA /* Sources */ = {
			isa = PBXSourcesBuildPhase;
			buildActionMask = 2147483647;
			files = (
				C909F5951DCF48F100472DDD /* RNPublicKeyTests.swift in Sources */,
				C907CA991D96D03000B942FA /* RNSocketDescriptorTests.swift in Sources */,
				C909F5931DCF303100472DDD /* RNPeerInterfaceTests.swift in Sources */,
				C907CA9A1D96D3B700B942FA /* RNBitStreamTests.swift in Sources */,
			);
			runOnlyForDeploymentPostprocessing = 0;
		};
		C99C02921D60FAE900DBA190 /* Sources */ = {
			isa = PBXSourcesBuildPhase;
			buildActionMask = 2147483647;
			files = (
				C99C02B51D60FE1A00DBA190 /* RNPacket.mm in Sources */,
				C90991D31E9FB20400F09753 /* RNConstants.m in Sources */,
				C99C02AF1D60FE1A00DBA190 /* RNSocketDescriptor.mm in Sources */,
				C99C02B21D60FE1A00DBA190 /* RNSystemAddress.mm in Sources */,
				C99C03E71D61041600DBA190 /* RNBitStream.mm in Sources */,
				C99C02B71D60FE4200DBA190 /* RNPeerInterface.mm in Sources */,
				C909F5901DCF28C000472DDD /* RNPublicKey.mm in Sources */,
			);
			runOnlyForDeploymentPostprocessing = 0;
		};
/* End PBXSourcesBuildPhase section */

/* Begin PBXTargetDependency section */
		C907CA941D96CFA200B942FA /* PBXTargetDependency */ = {
			isa = PBXTargetDependency;
			target = C99C02961D60FAE900DBA190 /* RakNetWrapper */;
			targetProxy = C907CA931D96CFA200B942FA /* PBXContainerItemProxy */;
		};
/* End PBXTargetDependency section */

/* Begin XCBuildConfiguration section */
		C907CA961D96CFA200B942FA /* Debug */ = {
			isa = XCBuildConfiguration;
			baseConfigurationReference = C9F6592E1E9C014E0055745E /* Tests.xcconfig */;
			buildSettings = {
				ALWAYS_SEARCH_USER_PATHS = NO;
				CLANG_ANALYZER_NONNULL = YES;
				CLANG_ENABLE_MODULES = YES;
				CLANG_ENABLE_OBJC_ARC = YES;
				CLANG_WARN_DIRECT_OBJC_ISA_USAGE = YES_ERROR;
				CLANG_WARN_DOCUMENTATION_COMMENTS = YES;
				CLANG_WARN_OBJC_ROOT_CLASS = YES_ERROR;
				CLANG_WARN_SUSPICIOUS_MOVES = YES;
				COPY_PHASE_STRIP = NO;
				DEBUG_INFORMATION_FORMAT = dwarf;
				DEVELOPMENT_TEAM = 2TWXCGG7R3;
				GCC_DYNAMIC_NO_PIC = NO;
				GCC_OPTIMIZATION_LEVEL = 0;
				GCC_PREPROCESSOR_DEFINITIONS = (
					"DEBUG=1",
					"$(inherited)",
				);
				GCC_WARN_ABOUT_RETURN_TYPE = YES_ERROR;
				GCC_WARN_UNINITIALIZED_AUTOS = YES_AGGRESSIVE;
				LD_RUNPATH_SEARCH_PATHS = "$(inherited) @executable_path/Frameworks @loader_path/Frameworks";
				MTL_ENABLE_DEBUG_INFO = YES;
				SWIFT_ACTIVE_COMPILATION_CONDITIONS = DEBUG;
				SWIFT_OPTIMIZATION_LEVEL = "-Onone";
				SWIFT_VERSION = 3.0;
			};
			name = Debug;
		};
		C907CA971D96CFA200B942FA /* Release */ = {
			isa = XCBuildConfiguration;
			baseConfigurationReference = C9F6592E1E9C014E0055745E /* Tests.xcconfig */;
			buildSettings = {
				ALWAYS_SEARCH_USER_PATHS = NO;
				CLANG_ANALYZER_NONNULL = YES;
				CLANG_ENABLE_MODULES = YES;
				CLANG_ENABLE_OBJC_ARC = YES;
				CLANG_WARN_DIRECT_OBJC_ISA_USAGE = YES_ERROR;
				CLANG_WARN_DOCUMENTATION_COMMENTS = YES;
				CLANG_WARN_OBJC_ROOT_CLASS = YES_ERROR;
				CLANG_WARN_SUSPICIOUS_MOVES = YES;
				COPY_PHASE_STRIP = NO;
				DEBUG_INFORMATION_FORMAT = "dwarf-with-dsym";
				DEVELOPMENT_TEAM = 2TWXCGG7R3;
				ENABLE_NS_ASSERTIONS = NO;
				GCC_WARN_ABOUT_RETURN_TYPE = YES_ERROR;
				GCC_WARN_UNINITIALIZED_AUTOS = YES_AGGRESSIVE;
				LD_RUNPATH_SEARCH_PATHS = "$(inherited) @executable_path/Frameworks @loader_path/Frameworks";
				MTL_ENABLE_DEBUG_INFO = NO;
				SWIFT_OPTIMIZATION_LEVEL = "-Owholemodule";
				SWIFT_VERSION = 3.0;
				VALIDATE_PRODUCT = YES;
			};
			name = Release;
		};
		C99C029D1D60FAE900DBA190 /* Debug */ = {
			isa = XCBuildConfiguration;
			baseConfigurationReference = C9F6592C1E9C01380055745E /* Debug.xcconfig */;
			buildSettings = {
				ALWAYS_SEARCH_USER_PATHS = NO;
				APPLICATION_EXTENSION_API_ONLY = NO;
				CLANG_ANALYZER_NONNULL = YES;
				CLANG_ENABLE_MODULES = YES;
				CLANG_ENABLE_OBJC_ARC = YES;
				CLANG_WARN_BOOL_CONVERSION = NO;
				CLANG_WARN_CONSTANT_CONVERSION = NO;
				CLANG_WARN_DIRECT_OBJC_ISA_USAGE = YES_ERROR;
				CLANG_WARN_ENUM_CONVERSION = YES;
				CLANG_WARN_INT_CONVERSION = YES;
				CLANG_WARN_OBJC_ROOT_CLASS = YES_ERROR;
				CLANG_WARN_UNREACHABLE_CODE = YES;
				CLANG_WARN__DUPLICATE_METHOD_MATCH = YES;
				COPY_PHASE_STRIP = NO;
				CURRENT_PROJECT_VERSION = 1;
				DEBUG_INFORMATION_FORMAT = dwarf;
				DEFINES_MODULE = YES;
				DYLIB_COMPATIBILITY_VERSION = 1;
				DYLIB_CURRENT_VERSION = 1;
				DYLIB_INSTALL_NAME_BASE = "@rpath";
				ENABLE_STRICT_OBJC_MSGSEND = YES;
				ENABLE_TESTABILITY = YES;
				GCC_DYNAMIC_NO_PIC = NO;
				GCC_NO_COMMON_BLOCKS = YES;
				GCC_OPTIMIZATION_LEVEL = 0;
				GCC_PREPROCESSOR_DEFINITIONS = (
					"DEBUG=1",
					"$(inherited)",
				);
				GCC_WARN_64_TO_32_BIT_CONVERSION = NO;
				GCC_WARN_ABOUT_RETURN_TYPE = YES_ERROR;
				GCC_WARN_UNDECLARED_SELECTOR = YES;
				GCC_WARN_UNINITIALIZED_AUTOS = YES_AGGRESSIVE;
				GCC_WARN_UNUSED_FUNCTION = YES;
				GCC_WARN_UNUSED_VARIABLE = YES;
				INSTALL_PATH = "$(LOCAL_LIBRARY_DIR)/Frameworks";
				LD_RUNPATH_SEARCH_PATHS = "$(inherited) @executable_path/Frameworks @loader_path/Frameworks";
				MTL_ENABLE_DEBUG_INFO = YES;
				SKIP_INSTALL = YES;
				SWIFT_OPTIMIZATION_LEVEL = "-Onone";
				TARGETED_DEVICE_FAMILY = "1,2";
				VERSIONING_SYSTEM = "apple-generic";
				VERSION_INFO_PREFIX = "";
			};
			name = Debug;
		};
		C99C029E1D60FAE900DBA190 /* Release */ = {
			isa = XCBuildConfiguration;
			baseConfigurationReference = C9F6592D1E9C01440055745E /* Release.xcconfig */;
			buildSettings = {
				ALWAYS_SEARCH_USER_PATHS = NO;
				APPLICATION_EXTENSION_API_ONLY = NO;
				CLANG_ANALYZER_NONNULL = YES;
				CLANG_ENABLE_MODULES = YES;
				CLANG_ENABLE_OBJC_ARC = YES;
				CLANG_WARN_BOOL_CONVERSION = NO;
				CLANG_WARN_CONSTANT_CONVERSION = NO;
				CLANG_WARN_DIRECT_OBJC_ISA_USAGE = YES_ERROR;
				CLANG_WARN_ENUM_CONVERSION = YES;
				CLANG_WARN_INT_CONVERSION = YES;
				CLANG_WARN_OBJC_ROOT_CLASS = YES_ERROR;
				CLANG_WARN_UNREACHABLE_CODE = YES;
				CLANG_WARN__DUPLICATE_METHOD_MATCH = YES;
				COPY_PHASE_STRIP = NO;
				CURRENT_PROJECT_VERSION = 1;
				DEBUG_INFORMATION_FORMAT = "dwarf-with-dsym";
				DEFINES_MODULE = YES;
				DYLIB_COMPATIBILITY_VERSION = 1;
				DYLIB_CURRENT_VERSION = 1;
				DYLIB_INSTALL_NAME_BASE = "@rpath";
				ENABLE_NS_ASSERTIONS = NO;
				ENABLE_STRICT_OBJC_MSGSEND = YES;
				GCC_NO_COMMON_BLOCKS = YES;
				GCC_WARN_64_TO_32_BIT_CONVERSION = NO;
				GCC_WARN_ABOUT_RETURN_TYPE = YES_ERROR;
				GCC_WARN_UNDECLARED_SELECTOR = YES;
				GCC_WARN_UNINITIALIZED_AUTOS = YES_AGGRESSIVE;
				GCC_WARN_UNUSED_FUNCTION = YES;
				GCC_WARN_UNUSED_VARIABLE = YES;
				INSTALL_PATH = "$(LOCAL_LIBRARY_DIR)/Frameworks";
				LD_RUNPATH_SEARCH_PATHS = "$(inherited) @executable_path/Frameworks @loader_path/Frameworks";
				MTL_ENABLE_DEBUG_INFO = NO;
				SKIP_INSTALL = YES;
				TARGETED_DEVICE_FAMILY = "1,2";
				VALIDATE_PRODUCT = YES;
				VERSIONING_SYSTEM = "apple-generic";
				VERSION_INFO_PREFIX = "";
			};
			name = Release;
		};
		C9DD2C391D40C8AC009EFDA5 /* Debug */ = {
			isa = XCBuildConfiguration;
			baseConfigurationReference = C9F6592A1E9BFFFD0055745E /* Project.xcconfig */;
			buildSettings = {
				CLANG_WARN_BOOL_CONVERSION = YES;
				CLANG_WARN_CONSTANT_CONVERSION = YES;
				CLANG_WARN_EMPTY_BODY = YES;
				CLANG_WARN_ENUM_CONVERSION = YES;
				CLANG_WARN_INFINITE_RECURSION = YES;
				CLANG_WARN_INT_CONVERSION = YES;
				CLANG_WARN_SUSPICIOUS_MOVE = YES;
				CLANG_WARN_UNREACHABLE_CODE = YES;
				CLANG_WARN__DUPLICATE_METHOD_MATCH = YES;
				ENABLE_STRICT_OBJC_MSGSEND = YES;
				ENABLE_TESTABILITY = YES;
				GCC_NO_COMMON_BLOCKS = YES;
				GCC_WARN_64_TO_32_BIT_CONVERSION = YES;
				GCC_WARN_ABOUT_RETURN_TYPE = YES;
				GCC_WARN_UNDECLARED_SELECTOR = YES;
				GCC_WARN_UNINITIALIZED_AUTOS = YES;
				GCC_WARN_UNUSED_FUNCTION = YES;
				GCC_WARN_UNUSED_VARIABLE = YES;
				ONLY_ACTIVE_ARCH = YES;
			};
			name = Debug;
		};
		C9DD2C3A1D40C8AC009EFDA5 /* Release */ = {
			isa = XCBuildConfiguration;
			baseConfigurationReference = C9F6592A1E9BFFFD0055745E /* Project.xcconfig */;
			buildSettings = {
				CLANG_WARN_BOOL_CONVERSION = YES;
				CLANG_WARN_CONSTANT_CONVERSION = YES;
				CLANG_WARN_EMPTY_BODY = YES;
				CLANG_WARN_ENUM_CONVERSION = YES;
				CLANG_WARN_INFINITE_RECURSION = YES;
				CLANG_WARN_INT_CONVERSION = YES;
				CLANG_WARN_SUSPICIOUS_MOVE = YES;
				CLANG_WARN_UNREACHABLE_CODE = YES;
				CLANG_WARN__DUPLICATE_METHOD_MATCH = YES;
				ENABLE_STRICT_OBJC_MSGSEND = YES;
				GCC_NO_COMMON_BLOCKS = YES;
				GCC_WARN_64_TO_32_BIT_CONVERSION = YES;
				GCC_WARN_ABOUT_RETURN_TYPE = YES;
				GCC_WARN_UNDECLARED_SELECTOR = YES;
				GCC_WARN_UNINITIALIZED_AUTOS = YES;
				GCC_WARN_UNUSED_FUNCTION = YES;
				GCC_WARN_UNUSED_VARIABLE = YES;
				SWIFT_OPTIMIZATION_LEVEL = "-Owholemodule";
			};
			name = Release;
		};
/* End XCBuildConfiguration section */

/* Begin XCConfigurationList section */
		C907CA951D96CFA200B942FA /* Build configuration list for PBXNativeTarget "RakNetWrapperTests" */ = {
			isa = XCConfigurationList;
			buildConfigurations = (
				C907CA961D96CFA200B942FA /* Debug */,
				C907CA971D96CFA200B942FA /* Release */,
			);
			defaultConfigurationIsVisible = 0;
			defaultConfigurationName = Release;
		};
		C99C029C1D60FAE900DBA190 /* Build configuration list for PBXNativeTarget "RakNetWrapper" */ = {
			isa = XCConfigurationList;
			buildConfigurations = (
				C99C029D1D60FAE900DBA190 /* Debug */,
				C99C029E1D60FAE900DBA190 /* Release */,
			);
			defaultConfigurationIsVisible = 0;
			defaultConfigurationName = Release;
		};
		C9DD2C381D40C8AC009EFDA5 /* Build configuration list for PBXProject "RakNetWrapper" */ = {
			isa = XCConfigurationList;
			buildConfigurations = (
				C9DD2C391D40C8AC009EFDA5 /* Debug */,
				C9DD2C3A1D40C8AC009EFDA5 /* Release */,
			);
			defaultConfigurationIsVisible = 0;
			defaultConfigurationName = Release;
		};
/* End XCConfigurationList section */
	};
	rootObject = C9DD2C351D40C8AC009EFDA5 /* Project object */;
}
